
Microsoft Visual Studio Solution File, Format Version 12.00
# Visual Studio Version 17
VisualStudioVersion = 17.0.32112.339
MinimumVisualStudioVersion = 10.0.40219.1
Project("{FAE04EC0-301F-11D3-BF4B-00C04F79EFBC}") = "N01520224_PassionProject_Reeservation", "N01520224_PassionProject_Reeservation\N01520224_PassionProject_Reeservation.csproj", "{2BE9376B-D261-4B45-8895-7985B0E29D14}"
EndProject
Global
	GlobalSection(SolutionConfigurationPlatforms) = preSolution
		Debug|Any CPU = Debug|Any CPU
		Release|Any CPU = Release|Any CPU
	EndGlobalSection
	GlobalSection(ProjectConfigurationPlatforms) = postSolution
		{2BE9376B-D261-4B45-8895-7985B0E29D14}.Debug|Any CPU.ActiveCfg = Debug|Any CPU
		{2BE9376B-D261-4B45-8895-7985B0E29D14}.Debug|Any CPU.Build.0 = Debug|Any CPU
		{2BE9376B-D261-4B45-8895-7985B0E29D14}.Release|Any CPU.ActiveCfg = Release|Any CPU
		{2BE9376B-D261-4B45-8895-7985B0E29D14}.Release|Any CPU.Build.0 = Release|Any CPU
	EndGlobalSection
	GlobalSection(SolutionProperties) = preSolution
		HideSolutionNode = FALSE
	EndGlobalSection
	GlobalSection(ExtensibilityGlobals) = postSolution
		SolutionGuid = {DA74471C-0879-462E-BD58-EA3F757A8DFD}
	EndGlobalSection
EndGlobal
